
Microsoft Visual Studio Solution File, Format Version 12.00
# Visual Studio 15
VisualStudioVersion = 15.0.28010.2019
MinimumVisualStudioVersion = 10.0.40219.1
Project("{FAE04EC0-301F-11D3-BF4B-00C04F79EFBC}") = "console clock", "console clock\console clock.csproj", "{03496A69-D2D4-469B-96D0-2613273F5FAA}"
EndProject
Global
	GlobalSection(SolutionConfigurationPlatforms) = preSolution
		Debug|Any CPU = Debug|Any CPU
		Release|Any CPU = Release|Any CPU
	EndGlobalSection
	GlobalSection(ProjectConfigurationPlatforms) = postSolution
		{03496A69-D2D4-469B-96D0-2613273F5FAA}.Debug|Any CPU.ActiveCfg = Debug|Any CPU
		{03496A69-D2D4-469B-96D0-2613273F5FAA}.Debug|Any CPU.Build.0 = Debug|Any CPU
		{03496A69-D2D4-469B-96D0-2613273F5FAA}.Release|Any CPU.ActiveCfg = Release|Any CPU
		{03496A69-D2D4-469B-96D0-2613273F5FAA}.Release|Any CPU.Build.0 = Release|Any CPU
	EndGlobalSection
	GlobalSection(SolutionProperties) = preSolution
		HideSolutionNode = FALSE
	EndGlobalSection
	GlobalSection(ExtensibilityGlobals) = postSolution
		SolutionGuid = {0738A4DC-6EDC-46EB-95CC-50BFB57B0BBF}
	EndGlobalSection
EndGlobal
